
Microsoft Visual Studio Solution File, Format Version 12.00
# Visual Studio Version 17
VisualStudioVersion = 17.1.32210.238
MinimumVisualStudioVersion = 10.0.40219.1
Project("{FAE04EC0-301F-11D3-BF4B-00C04F79EFBC}") = "OTUS_CSharp_Homework_6", "OTUS_CSharp_Homework_6\OTUS_CSharp_Homework_6.csproj", "{A311F15E-38D1-457A-8E9E-29C4FD0B7722}"
EndProject
Global
	GlobalSection(SolutionConfigurationPlatforms) = preSolution
		Debug|Any CPU = Debug|Any CPU
		Release|Any CPU = Release|Any CPU
	EndGlobalSection
	GlobalSection(ProjectConfigurationPlatforms) = postSolution
		{A311F15E-38D1-457A-8E9E-29C4FD0B7722}.Debug|Any CPU.ActiveCfg = Debug|Any CPU
		{A311F15E-38D1-457A-8E9E-29C4FD0B7722}.Debug|Any CPU.Build.0 = Debug|Any CPU
		{A311F15E-38D1-457A-8E9E-29C4FD0B7722}.Release|Any CPU.ActiveCfg = Release|Any CPU
		{A311F15E-38D1-457A-8E9E-29C4FD0B7722}.Release|Any CPU.Build.0 = Release|Any CPU
	EndGlobalSection
	GlobalSection(SolutionProperties) = preSolution
		HideSolutionNode = FALSE
	EndGlobalSection
	GlobalSection(ExtensibilityGlobals) = postSolution
		SolutionGuid = {944FF867-F5C6-40D2-9443-87787995B1BF}
	EndGlobalSection
EndGlobal
